
Microsoft Visual Studio Solution File, Format Version 12.00
# Visual Studio Version 17
VisualStudioVersion = 17.0.31903.59
MinimumVisualStudioVersion = 10.0.40219.1
Project("{2150E333-8FDC-42A3-9474-1A3956D46DE8}") = "src", "src", "{7658FAB0-1B71-468B-A4D3-6ACF185A87A5}"
EndProject
Project("{FAE04EC0-301F-11D3-BF4B-00C04F79EFBC}") = "day1", "src\day1\day1.csproj", "{A3706E2F-8FAB-46FF-BF02-286785574F1B}"
EndProject
Project("{FAE04EC0-301F-11D3-BF4B-00C04F79EFBC}") = "day2", "src\day2\day2.csproj", "{63477CC1-C4AD-494E-8005-66627BA47B7C}"
EndProject
Project("{FAE04EC0-301F-11D3-BF4B-00C04F79EFBC}") = "day3", "src\day3\day3.csproj", "{170CFC4D-2413-464C-9407-F512E5CF1D25}"
EndProject
Project("{FAE04EC0-301F-11D3-BF4B-00C04F79EFBC}") = "day4", "src\day4\day4.csproj", "{F45BF946-2F90-4859-AA80-54C9D5B0E264}"
EndProject
Project("{FAE04EC0-301F-11D3-BF4B-00C04F79EFBC}") = "day5", "src\day5\day5.csproj", "{19D8BE15-6430-444C-B362-7D452FE1C758}"
EndProject
Project("{FAE04EC0-301F-11D3-BF4B-00C04F79EFBC}") = "day6", "src\day6\day6.csproj", "{EE722E2C-4563-43E0-992D-C590B2D61E30}"
EndProject
Project("{FAE04EC0-301F-11D3-BF4B-00C04F79EFBC}") = "day7", "src\day7\day7.csproj", "{1E6AE898-2228-4177-81ED-F55E182BA946}"
EndProject
Project("{FAE04EC0-301F-11D3-BF4B-00C04F79EFBC}") = "day10", "src\day10\day10.csproj", "{E5F611A5-E2E0-4C45-A264-93E95564B7F8}"
EndProject
Project("{FAE04EC0-301F-11D3-BF4B-00C04F79EFBC}") = "day11", "src\day11\day11.csproj", "{9B1EEEDB-979E-4B57-A4F5-CF65722620E4}"
EndProject
Global
	GlobalSection(SolutionConfigurationPlatforms) = preSolution
		Debug|Any CPU = Debug|Any CPU
		Release|Any CPU = Release|Any CPU
	EndGlobalSection
	GlobalSection(SolutionProperties) = preSolution
		HideSolutionNode = FALSE
	EndGlobalSection
	GlobalSection(ProjectConfigurationPlatforms) = postSolution
		{A3706E2F-8FAB-46FF-BF02-286785574F1B}.Debug|Any CPU.ActiveCfg = Debug|Any CPU
		{A3706E2F-8FAB-46FF-BF02-286785574F1B}.Debug|Any CPU.Build.0 = Debug|Any CPU
		{A3706E2F-8FAB-46FF-BF02-286785574F1B}.Release|Any CPU.ActiveCfg = Release|Any CPU
		{A3706E2F-8FAB-46FF-BF02-286785574F1B}.Release|Any CPU.Build.0 = Release|Any CPU
		{63477CC1-C4AD-494E-8005-66627BA47B7C}.Debug|Any CPU.ActiveCfg = Debug|Any CPU
		{63477CC1-C4AD-494E-8005-66627BA47B7C}.Debug|Any CPU.Build.0 = Debug|Any CPU
		{63477CC1-C4AD-494E-8005-66627BA47B7C}.Release|Any CPU.ActiveCfg = Release|Any CPU
		{63477CC1-C4AD-494E-8005-66627BA47B7C}.Release|Any CPU.Build.0 = Release|Any CPU
		{170CFC4D-2413-464C-9407-F512E5CF1D25}.Debug|Any CPU.ActiveCfg = Debug|Any CPU
		{170CFC4D-2413-464C-9407-F512E5CF1D25}.Debug|Any CPU.Build.0 = Debug|Any CPU
		{170CFC4D-2413-464C-9407-F512E5CF1D25}.Release|Any CPU.ActiveCfg = Release|Any CPU
		{170CFC4D-2413-464C-9407-F512E5CF1D25}.Release|Any CPU.Build.0 = Release|Any CPU
		{F45BF946-2F90-4859-AA80-54C9D5B0E264}.Debug|Any CPU.ActiveCfg = Debug|Any CPU
		{F45BF946-2F90-4859-AA80-54C9D5B0E264}.Debug|Any CPU.Build.0 = Debug|Any CPU
		{F45BF946-2F90-4859-AA80-54C9D5B0E264}.Release|Any CPU.ActiveCfg = Release|Any CPU
		{F45BF946-2F90-4859-AA80-54C9D5B0E264}.Release|Any CPU.Build.0 = Release|Any CPU
		{19D8BE15-6430-444C-B362-7D452FE1C758}.Debug|Any CPU.ActiveCfg = Debug|Any CPU
		{19D8BE15-6430-444C-B362-7D452FE1C758}.Debug|Any CPU.Build.0 = Debug|Any CPU
		{19D8BE15-6430-444C-B362-7D452FE1C758}.Release|Any CPU.ActiveCfg = Release|Any CPU
		{19D8BE15-6430-444C-B362-7D452FE1C758}.Release|Any CPU.Build.0 = Release|Any CPU
		{EE722E2C-4563-43E0-992D-C590B2D61E30}.Debug|Any CPU.ActiveCfg = Debug|Any CPU
		{EE722E2C-4563-43E0-992D-C590B2D61E30}.Debug|Any CPU.Build.0 = Debug|Any CPU
		{EE722E2C-4563-43E0-992D-C590B2D61E30}.Release|Any CPU.ActiveCfg = Release|Any CPU
		{EE722E2C-4563-43E0-992D-C590B2D61E30}.Release|Any CPU.Build.0 = Release|Any CPU
		{1E6AE898-2228-4177-81ED-F55E182BA946}.Debug|Any CPU.ActiveCfg = Debug|Any CPU
		{1E6AE898-2228-4177-81ED-F55E182BA946}.Debug|Any CPU.Build.0 = Debug|Any CPU
		{1E6AE898-2228-4177-81ED-F55E182BA946}.Release|Any CPU.ActiveCfg = Release|Any CPU
		{1E6AE898-2228-4177-81ED-F55E182BA946}.Release|Any CPU.Build.0 = Release|Any CPU
		{E5F611A5-E2E0-4C45-A264-93E95564B7F8}.Debug|Any CPU.ActiveCfg = Debug|Any CPU
		{E5F611A5-E2E0-4C45-A264-93E95564B7F8}.Debug|Any CPU.Build.0 = Debug|Any CPU
		{E5F611A5-E2E0-4C45-A264-93E95564B7F8}.Release|Any CPU.ActiveCfg = Release|Any CPU
		{E5F611A5-E2E0-4C45-A264-93E95564B7F8}.Release|Any CPU.Build.0 = Release|Any CPU
		{9B1EEEDB-979E-4B57-A4F5-CF65722620E4}.Debug|Any CPU.ActiveCfg = Debug|Any CPU
		{9B1EEEDB-979E-4B57-A4F5-CF65722620E4}.Debug|Any CPU.Build.0 = Debug|Any CPU
		{9B1EEEDB-979E-4B57-A4F5-CF65722620E4}.Release|Any CPU.ActiveCfg = Release|Any CPU
		{9B1EEEDB-979E-4B57-A4F5-CF65722620E4}.Release|Any CPU.Build.0 = Release|Any CPU
	EndGlobalSection
	GlobalSection(NestedProjects) = preSolution
		{A3706E2F-8FAB-46FF-BF02-286785574F1B} = {7658FAB0-1B71-468B-A4D3-6ACF185A87A5}
		{63477CC1-C4AD-494E-8005-66627BA47B7C} = {7658FAB0-1B71-468B-A4D3-6ACF185A87A5}
		{170CFC4D-2413-464C-9407-F512E5CF1D25} = {7658FAB0-1B71-468B-A4D3-6ACF185A87A5}
		{F45BF946-2F90-4859-AA80-54C9D5B0E264} = {7658FAB0-1B71-468B-A4D3-6ACF185A87A5}
		{19D8BE15-6430-444C-B362-7D452FE1C758} = {7658FAB0-1B71-468B-A4D3-6ACF185A87A5}
		{EE722E2C-4563-43E0-992D-C590B2D61E30} = {7658FAB0-1B71-468B-A4D3-6ACF185A87A5}
		{1E6AE898-2228-4177-81ED-F55E182BA946} = {7658FAB0-1B71-468B-A4D3-6ACF185A87A5}
		{E5F611A5-E2E0-4C45-A264-93E95564B7F8} = {7658FAB0-1B71-468B-A4D3-6ACF185A87A5}
		{9B1EEEDB-979E-4B57-A4F5-CF65722620E4} = {7658FAB0-1B71-468B-A4D3-6ACF185A87A5}
	EndGlobalSection
EndGlobal
