
Microsoft Visual Studio Solution File, Format Version 12.00
# Visual Studio Version 17
VisualStudioVersion = 17.0.31903.59
MinimumVisualStudioVersion = 10.0.40219.1
Project("{2150E333-8FDC-42A3-9474-1A3956D46DE8}") = "src", "src", "{7658FAB0-1B71-468B-A4D3-6ACF185A87A5}"
EndProject
Project("{FAE04EC0-301F-11D3-BF4B-00C04F79EFBC}") = "day1", "src\day1\day1.csproj", "{A3706E2F-8FAB-46FF-BF02-286785574F1B}"
EndProject
Project("{FAE04EC0-301F-11D3-BF4B-00C04F79EFBC}") = "day2", "src\day2\day2.csproj", "{63477CC1-C4AD-494E-8005-66627BA47B7C}"
EndProject
Project("{FAE04EC0-301F-11D3-BF4B-00C04F79EFBC}") = "day3", "src\day3\day3.csproj", "{170CFC4D-2413-464C-9407-F512E5CF1D25}"
EndProject
Global
	GlobalSection(SolutionConfigurationPlatforms) = preSolution
		Debug|Any CPU = Debug|Any CPU
		Release|Any CPU = Release|Any CPU
	EndGlobalSection
	GlobalSection(SolutionProperties) = preSolution
		HideSolutionNode = FALSE
	EndGlobalSection
	GlobalSection(ProjectConfigurationPlatforms) = postSolution
		{A3706E2F-8FAB-46FF-BF02-286785574F1B}.Debug|Any CPU.ActiveCfg = Debug|Any CPU
		{A3706E2F-8FAB-46FF-BF02-286785574F1B}.Debug|Any CPU.Build.0 = Debug|Any CPU
		{A3706E2F-8FAB-46FF-BF02-286785574F1B}.Release|Any CPU.ActiveCfg = Release|Any CPU
		{A3706E2F-8FAB-46FF-BF02-286785574F1B}.Release|Any CPU.Build.0 = Release|Any CPU
		{63477CC1-C4AD-494E-8005-66627BA47B7C}.Debug|Any CPU.ActiveCfg = Debug|Any CPU
		{63477CC1-C4AD-494E-8005-66627BA47B7C}.Debug|Any CPU.Build.0 = Debug|Any CPU
		{63477CC1-C4AD-494E-8005-66627BA47B7C}.Release|Any CPU.ActiveCfg = Release|Any CPU
		{63477CC1-C4AD-494E-8005-66627BA47B7C}.Release|Any CPU.Build.0 = Release|Any CPU
		{170CFC4D-2413-464C-9407-F512E5CF1D25}.Debug|Any CPU.ActiveCfg = Debug|Any CPU
		{170CFC4D-2413-464C-9407-F512E5CF1D25}.Debug|Any CPU.Build.0 = Debug|Any CPU
		{170CFC4D-2413-464C-9407-F512E5CF1D25}.Release|Any CPU.ActiveCfg = Release|Any CPU
		{170CFC4D-2413-464C-9407-F512E5CF1D25}.Release|Any CPU.Build.0 = Release|Any CPU
	EndGlobalSection
	GlobalSection(NestedProjects) = preSolution
		{A3706E2F-8FAB-46FF-BF02-286785574F1B} = {7658FAB0-1B71-468B-A4D3-6ACF185A87A5}
		{63477CC1-C4AD-494E-8005-66627BA47B7C} = {7658FAB0-1B71-468B-A4D3-6ACF185A87A5}
		{170CFC4D-2413-464C-9407-F512E5CF1D25} = {7658FAB0-1B71-468B-A4D3-6ACF185A87A5}
	EndGlobalSection
EndGlobal
